{
	"name": "okpi",
	"version": "1.0.0",
	"lockfileVersion": 1,
	"requires": true,
	"dependencies": {
		"@types/argparse": {
			"version": "1.0.35",
			"resolved": "https://registry.npmjs.org/@types/argparse/-/argparse-1.0.35.tgz",
			"integrity": "sha512-+4KNdOqes4Bq0fu5dQCTUVpNQl10ui1JWdXG6S6AvRqHM4K5K1/6SBJ0Qz7PT+K85AcJ0UC7ZDuTz+aL3n6tWw==",
			"dev": true
		},
		"@types/node": {
			"version": "10.12.18",
			"resolved": "https://registry.npmjs.org/@types/node/-/node-10.12.18.tgz",
			"integrity": "sha512-fh+pAqt4xRzPfqA6eh3Z2y6fyZavRIumvjhaCL753+TVkGKGhpPeyrJG2JftD0T9q4GF00KjefsQ+PQNDdWQaQ==",
			"dev": true
		},
		"argparse": {
			"version": "1.0.10",
			"resolved": "https://registry.npmjs.org/argparse/-/argparse-1.0.10.tgz",
			"integrity": "sha512-o5Roy6tNG4SL/FOkCAN6RzjiakZS25RLYFrcMttJqbdd8BWrnA+fGz57iN5Pb06pvBGvl5gQ0B48dJlslXvoTg==",
			"requires": {
				"sprintf-js": "~1.0.2"
			}
		},
		"mic": {
			"version": "2.1.2",
			"resolved": "https://registry.npmjs.org/mic/-/mic-2.1.2.tgz",
			"integrity": "sha1-8DQoOBeY/4iakEBaAxgVHbBUpO0=",
			"dev": true
		},
		"one-time": {
			"version": "0.0.4",
			"resolved": "https://registry.npmjs.org/one-time/-/one-time-0.0.4.tgz",
			"integrity": "sha1-+M33eISCb+Tf+T46nMN7HkSAdC4="
		},
		"pocketsphinx": {
			"version": "5.0.7",
			"resolved": "https://registry.npmjs.org/pocketsphinx/-/pocketsphinx-5.0.7.tgz",
			"integrity": "sha1-dUwktQehepSJPiB7kAzI1mRV6EM="
		},
		"say": {
			"version": "0.15.0",
			"resolved": "https://registry.npmjs.org/say/-/say-0.15.0.tgz",
			"integrity": "sha512-X/vJ/ETDUnU0WZVJ1HA6AHzJJzT0PvFuZyThJ76wkqwsgcgvqJVH3tf+EqHdDBgANdYUEEmqzYo6I31cvT08pQ==",
			"requires": {
				"one-time": "0.0.4"
			}
		},
		"sprintf-js": {
			"version": "1.0.3",
			"resolved": "https://registry.npmjs.org/sprintf-js/-/sprintf-js-1.0.3.tgz",
			"integrity": "sha1-BOaSb2YolTVPPdAVIDYzuFcpfiw="
		},
		"typescript": {
			"version": "3.2.4",
			"resolved": "https://registry.npmjs.org/typescript/-/typescript-3.2.4.tgz",
			"integrity": "sha512-0RNDbSdEokBeEAkgNbxJ+BLwSManFy9TeXz8uW+48j/xhEXv1ePME60olyzw2XzUqUBNAYFeJadIqAgNqIACwg==",
			"dev": true
		}
	}
}
